
Microsoft Visual Studio Solution File, Format Version 12.00
# Visual Studio Version 17
VisualStudioVersion = 17.5.33516.290
MinimumVisualStudioVersion = 10.0.40219.1
Project("{FAE04EC0-301F-11D3-BF4B-00C04F79EFBC}") = "1_wypisywanie_losowych_wartosci_z_tabeli", "1_wypisywanie_losowych_wartosci_z_tabeli\1_wypisywanie_losowych_wartosci_z_tabeli.csproj", "{637C80D1-A2F1-441F-8BB2-BD912DF632A8}"
EndProject
Global
	GlobalSection(SolutionConfigurationPlatforms) = preSolution
		Debug|Any CPU = Debug|Any CPU
		Release|Any CPU = Release|Any CPU
	EndGlobalSection
	GlobalSection(ProjectConfigurationPlatforms) = postSolution
		{637C80D1-A2F1-441F-8BB2-BD912DF632A8}.Debug|Any CPU.ActiveCfg = Debug|Any CPU
		{637C80D1-A2F1-441F-8BB2-BD912DF632A8}.Debug|Any CPU.Build.0 = Debug|Any CPU
		{637C80D1-A2F1-441F-8BB2-BD912DF632A8}.Release|Any CPU.ActiveCfg = Release|Any CPU
		{637C80D1-A2F1-441F-8BB2-BD912DF632A8}.Release|Any CPU.Build.0 = Release|Any CPU
	EndGlobalSection
	GlobalSection(SolutionProperties) = preSolution
		HideSolutionNode = FALSE
	EndGlobalSection
	GlobalSection(ExtensibilityGlobals) = postSolution
		SolutionGuid = {EAF0C322-19B9-4C1A-B215-FA6F44AC8B9B}
	EndGlobalSection
EndGlobal
