
Microsoft Visual Studio Solution File, Format Version 12.00
# Visual Studio Version 17
VisualStudioVersion = 17.5.33516.290
MinimumVisualStudioVersion = 10.0.40219.1
Project("{FAE04EC0-301F-11D3-BF4B-00C04F79EFBC}") = "2_n_Liczb_parzystych_z_przedziału", "2_n_Liczb_parzystych_z_przedziału\2_n_Liczb_parzystych_z_przedziału.csproj", "{342BA177-D74D-4875-B9A7-A1C3D68C6576}"
EndProject
Global
	GlobalSection(SolutionConfigurationPlatforms) = preSolution
		Debug|Any CPU = Debug|Any CPU
		Release|Any CPU = Release|Any CPU
	EndGlobalSection
	GlobalSection(ProjectConfigurationPlatforms) = postSolution
		{342BA177-D74D-4875-B9A7-A1C3D68C6576}.Debug|Any CPU.ActiveCfg = Debug|Any CPU
		{342BA177-D74D-4875-B9A7-A1C3D68C6576}.Debug|Any CPU.Build.0 = Debug|Any CPU
		{342BA177-D74D-4875-B9A7-A1C3D68C6576}.Release|Any CPU.ActiveCfg = Release|Any CPU
		{342BA177-D74D-4875-B9A7-A1C3D68C6576}.Release|Any CPU.Build.0 = Release|Any CPU
	EndGlobalSection
	GlobalSection(SolutionProperties) = preSolution
		HideSolutionNode = FALSE
	EndGlobalSection
	GlobalSection(ExtensibilityGlobals) = postSolution
		SolutionGuid = {64404F0E-C3A9-42CE-AAD7-FCE32CDFC9EB}
	EndGlobalSection
EndGlobal
