
Microsoft Visual Studio Solution File, Format Version 12.00
# Visual Studio Version 17
VisualStudioVersion = 17.5.33516.290
MinimumVisualStudioVersion = 10.0.40219.1
Project("{FAE04EC0-301F-11D3-BF4B-00C04F79EFBC}") = "2_największy_najmniejszy", "2_największy_najmniejszy\2_największy_najmniejszy.csproj", "{942A3AD1-0E96-4B32-9729-04F961FDC386}"
EndProject
Global
	GlobalSection(SolutionConfigurationPlatforms) = preSolution
		Debug|Any CPU = Debug|Any CPU
		Release|Any CPU = Release|Any CPU
	EndGlobalSection
	GlobalSection(ProjectConfigurationPlatforms) = postSolution
		{942A3AD1-0E96-4B32-9729-04F961FDC386}.Debug|Any CPU.ActiveCfg = Debug|Any CPU
		{942A3AD1-0E96-4B32-9729-04F961FDC386}.Debug|Any CPU.Build.0 = Debug|Any CPU
		{942A3AD1-0E96-4B32-9729-04F961FDC386}.Release|Any CPU.ActiveCfg = Release|Any CPU
		{942A3AD1-0E96-4B32-9729-04F961FDC386}.Release|Any CPU.Build.0 = Release|Any CPU
	EndGlobalSection
	GlobalSection(SolutionProperties) = preSolution
		HideSolutionNode = FALSE
	EndGlobalSection
	GlobalSection(ExtensibilityGlobals) = postSolution
		SolutionGuid = {3786C39A-EAA8-48C8-95D8-CDA4C801EDF3}
	EndGlobalSection
EndGlobal
